// !$*UTF8*$!
{
	archiveVersion = 1;
	classes = {
	};
	objectVersion = 46;
	objects = {

/* Begin PBXBuildFile section */
		84D7DA441EBC4B2C003A30E0 /* main.m in Sources */ = {isa = PBXBuildFile; fileRef = 84D7DA431EBC4B2C003A30E0 /* main.m */; };
		84D7DA471EBC4B2C003A30E0 /* AppDelegate.m in Sources */ = {isa = PBXBuildFile; fileRef = 84D7DA461EBC4B2C003A30E0 /* AppDelegate.m */; };
		84D7DA4A1EBC4B2C003A30E0 /* ViewController.m in Sources */ = {isa = PBXBuildFile; fileRef = 84D7DA491EBC4B2C003A30E0 /* ViewController.m */; };
		84D7DA4F1EBC4B2C003A30E0 /* Assets.xcassets in Resources */ = {isa = PBXBuildFile; fileRef = 84D7DA4E1EBC4B2C003A30E0 /* Assets.xcassets */; };
		84D7DA521EBC4B2C003A30E0 /* LaunchScreen.storyboard in Resources */ = {isa = PBXBuildFile; fileRef = 84D7DA501EBC4B2C003A30E0 /* LaunchScreen.storyboard */; };
		84D7DA5D1EBC4B2C003A30E0 /* YFImageButtonTests.m in Sources */ = {isa = PBXBuildFile; fileRef = 84D7DA5C1EBC4B2C003A30E0 /* YFImageButtonTests.m */; };
		84D7DA681EBC4B2C003A30E0 /* YFImageButtonUITests.m in Sources */ = {isa = PBXBuildFile; fileRef = 84D7DA671EBC4B2C003A30E0 /* YFImageButtonUITests.m */; };
		84D7DA781EBC4BDE003A30E0 /* YFImageButton.m in Sources */ = {isa = PBXBuildFile; fileRef = 84D7DA771EBC4BDE003A30E0 /* YFImageButton.m */; };
		84D7DA7A1EC01ACD003A30E0 /* name.png in Resources */ = {isa = PBXBuildFile; fileRef = 84D7DA791EC01ACD003A30E0 /* name.png */; };
/* End PBXBuildFile section */

/* Begin PBXContainerItemProxy section */
		84D7DA591EBC4B2C003A30E0 /* PBXContainerItemProxy */ = {
			isa = PBXContainerItemProxy;
			containerPortal = 84D7DA371EBC4B2B003A30E0 /* Project object */;
			proxyType = 1;
			remoteGlobalIDString = 84D7DA3E1EBC4B2C003A30E0;
			remoteInfo = YFImageButton;
		};
		84D7DA641EBC4B2C003A30E0 /* PBXContainerItemProxy */ = {
			isa = PBXContainerItemProxy;
			containerPortal = 84D7DA371EBC4B2B003A30E0 /* Project object */;
			proxyType = 1;
			remoteGlobalIDString = 84D7DA3E1EBC4B2C003A30E0;
			remoteInfo = YFImageButton;
		};
/* End PBXContainerItemProxy section */

/* Begin PBXFileReference section */
		84D7DA3F1EBC4B2C003A30E0 /* YFImageButton.app */ = {isa = PBXFileReference; explicitFileType = wrapper.application; includeInIndex = 0; path = YFImageButton.app; sourceTree = BUILT_PRODUCTS_DIR; };
		84D7DA431EBC4B2C003A30E0 /* main.m */ = {isa = PBXFileReference; lastKnownFileType = sourcecode.c.objc; path = main.m; sourceTree = "<group>"; };
		84D7DA451EBC4B2C003A30E0 /* AppDelegate.h */ = {isa = PBXFileReference; lastKnownFileType = sourcecode.c.h; path = AppDelegate.h; sourceTree = "<group>"; };
		84D7DA461EBC4B2C003A30E0 /* AppDelegate.m */ = {isa = PBXFileReference; lastKnownFileType = sourcecode.c.objc; path = AppDelegate.m; sourceTree = "<group>"; };
		84D7DA481EBC4B2C003A30E0 /* ViewController.h */ = {isa = PBXFileReference; lastKnownFileType = sourcecode.c.h; path = ViewController.h; sourceTree = "<group>"; };
		84D7DA491EBC4B2C003A30E0 /* ViewController.m */ = {isa = PBXFileReference; lastKnownFileType = sourcecode.c.objc; path = ViewController.m; sourceTree = "<group>"; };
		84D7DA4E1EBC4B2C003A30E0 /* Assets.xcassets */ = {isa = PBXFileReference; lastKnownFileType = folder.assetcatalog; path = Assets.xcassets; sourceTree = "<group>"; };
		84D7DA511EBC4B2C003A30E0 /* Base */ = {isa = PBXFileReference; lastKnownFileType = file.storyboard; name = Base; path = Base.lproj/LaunchScreen.storyboard; sourceTree = "<group>"; };
		84D7DA531EBC4B2C003A30E0 /* Info.plist */ = {isa = PBXFileReference; lastKnownFileType = text.plist.xml; path = Info.plist; sourceTree = "<group>"; };
		84D7DA581EBC4B2C003A30E0 /* YFImageButtonTests.xctest */ = {isa = PBXFileReference; explicitFileType = wrapper.cfbundle; includeInIndex = 0; path = YFImageButtonTests.xctest; sourceTree = BUILT_PRODUCTS_DIR; };
		84D7DA5C1EBC4B2C003A30E0 /* YFImageButtonTests.m */ = {isa = PBXFileReference; lastKnownFileType = sourcecode.c.objc; path = YFImageButtonTests.m; sourceTree = "<group>"; };
		84D7DA5E1EBC4B2C003A30E0 /* Info.plist */ = {isa = PBXFileReference; lastKnownFileType = text.plist.xml; path = Info.plist; sourceTree = "<group>"; };
		84D7DA631EBC4B2C003A30E0 /* YFImageButtonUITests.xctest */ = {isa = PBXFileReference; explicitFileType = wrapper.cfbundle; includeInIndex = 0; path = YFImageButtonUITests.xctest; sourceTree = BUILT_PRODUCTS_DIR; };
		84D7DA671EBC4B2C003A30E0 /* YFImageButtonUITests.m */ = {isa = PBXFileReference; lastKnownFileType = sourcecode.c.objc; path = YFImageButtonUITests.m; sourceTree = "<group>"; };
		84D7DA691EBC4B2C003A30E0 /* Info.plist */ = {isa = PBXFileReference; lastKnownFileType = text.plist.xml; path = Info.plist; sourceTree = "<group>"; };
		84D7DA761EBC4BDE003A30E0 /* YFImageButton.h */ = {isa = PBXFileReference; fileEncoding = 4; lastKnownFileType = sourcecode.c.h; path = YFImageButton.h; sourceTree = "<group>"; };
		84D7DA771EBC4BDE003A30E0 /* YFImageButton.m */ = {isa = PBXFileReference; fileEncoding = 4; lastKnownFileType = sourcecode.c.objc; path = YFImageButton.m; sourceTree = "<group>"; };
		84D7DA791EC01ACD003A30E0 /* name.png */ = {isa = PBXFileReference; lastKnownFileType = image.png; path = name.png; sourceTree = "<group>"; };
/* End PBXFileReference section */

/* Begin PBXFrameworksBuildPhase section */
		84D7DA3C1EBC4B2C003A30E0 /* Frameworks */ = {
			isa = PBXFrameworksBuildPhase;
			buildActionMask = 2147483647;
			files = (
			);
			runOnlyForDeploymentPostprocessing = 0;
		};
		84D7DA551EBC4B2C003A30E0 /* Frameworks */ = {
			isa = PBXFrameworksBuildPhase;
			buildActionMask = 2147483647;
			files = (
			);
			runOnlyForDeploymentPostprocessing = 0;
		};
		84D7DA601EBC4B2C003A30E0 /* Frameworks */ = {
			isa = PBXFrameworksBuildPhase;
			buildActionMask = 2147483647;
			files = (
			);
			runOnlyForDeploymentPostprocessing = 0;
		};
/* End PBXFrameworksBuildPhase section */

/* Begin PBXGroup section */
		84D7DA361EBC4B2B003A30E0 = {
			isa = PBXGroup;
			children = (
				84D7DA411EBC4B2C003A30E0 /* YFImageButton */,
				84D7DA5B1EBC4B2C003A30E0 /* YFImageButtonTests */,
				84D7DA661EBC4B2C003A30E0 /* YFImageButtonUITests */,
				84D7DA401EBC4B2C003A30E0 /* Products */,
			);
			sourceTree = "<group>";
		};
		84D7DA401EBC4B2C003A30E0 /* Products */ = {
			isa = PBXGroup;
			children = (
				84D7DA3F1EBC4B2C003A30E0 /* YFImageButton.app */,
				84D7DA581EBC4B2C003A30E0 /* YFImageButtonTests.xctest */,
				84D7DA631EBC4B2C003A30E0 /* YFImageButtonUITests.xctest */,
			);
			name = Products;
			sourceTree = "<group>";
		};
		84D7DA411EBC4B2C003A30E0 /* YFImageButton */ = {
			isa = PBXGroup;
			children = (
				84D7DA791EC01ACD003A30E0 /* name.png */,
				84D7DA751EBC4BC1003A30E0 /* YFImageButton */,
				84D7DA451EBC4B2C003A30E0 /* AppDelegate.h */,
				84D7DA461EBC4B2C003A30E0 /* AppDelegate.m */,
				84D7DA481EBC4B2C003A30E0 /* ViewController.h */,
				84D7DA491EBC4B2C003A30E0 /* ViewController.m */,
				84D7DA4E1EBC4B2C003A30E0 /* Assets.xcassets */,
				84D7DA501EBC4B2C003A30E0 /* LaunchScreen.storyboard */,
				84D7DA531EBC4B2C003A30E0 /* Info.plist */,
				84D7DA421EBC4B2C003A30E0 /* Supporting Files */,
			);
			path = YFImageButton;
			sourceTree = "<group>";
		};
		84D7DA421EBC4B2C003A30E0 /* Supporting Files */ = {
			isa = PBXGroup;
			children = (
				84D7DA431EBC4B2C003A30E0 /* main.m */,
			);
			name = "Supporting Files";
			sourceTree = "<group>";
		};
		84D7DA5B1EBC4B2C003A30E0 /* YFImageButtonTests */ = {
			isa = PBXGroup;
			children = (
				84D7DA5C1EBC4B2C003A30E0 /* YFImageButtonTests.m */,
				84D7DA5E1EBC4B2C003A30E0 /* Info.plist */,
			);
			path = YFImageButtonTests;
			sourceTree = "<group>";
		};
		84D7DA661EBC4B2C003A30E0 /* YFImageButtonUITests */ = {
			isa = PBXGroup;
			children = (
				84D7DA671EBC4B2C003A30E0 /* YFImageButtonUITests.m */,
				84D7DA691EBC4B2C003A30E0 /* Info.plist */,
			);
			path = YFImageButtonUITests;
			sourceTree = "<group>";
		};
		84D7DA751EBC4BC1003A30E0 /* YFImageButton */ = {
			isa = PBXGroup;
			children = (
				84D7DA761EBC4BDE003A30E0 /* YFImageButton.h */,
				84D7DA771EBC4BDE003A30E0 /* YFImageButton.m */,
			);
			path = YFImageButton;
			sourceTree = "<group>";
		};
/* End PBXGroup section */

/* Begin PBXNativeTarget section */
		84D7DA3E1EBC4B2C003A30E0 /* YFImageButton */ = {
			isa = PBXNativeTarget;
			buildConfigurationList = 84D7DA6C1EBC4B2C003A30E0 /* Build configuration list for PBXNativeTarget "YFImageButton" */;
			buildPhases = (
				84D7DA3B1EBC4B2C003A30E0 /* Sources */,
				84D7DA3C1EBC4B2C003A30E0 /* Frameworks */,
				84D7DA3D1EBC4B2C003A30E0 /* Resources */,
			);
			buildRules = (
			);
			dependencies = (
			);
			name = YFImageButton;
			productName = YFImageButton;
			productReference = 84D7DA3F1EBC4B2C003A30E0 /* YFImageButton.app */;
			productType = "com.apple.product-type.application";
		};
		84D7DA571EBC4B2C003A30E0 /* YFImageButtonTests */ = {
			isa = PBXNativeTarget;
			buildConfigurationList = 84D7DA6F1EBC4B2C003A30E0 /* Build configuration list for PBXNativeTarget "YFImageButtonTests" */;
			buildPhases = (
				84D7DA541EBC4B2C003A30E0 /* Sources */,
				84D7DA551EBC4B2C003A30E0 /* Frameworks */,
				84D7DA561EBC4B2C003A30E0 /* Resources */,
			);
			buildRules = (
			);
			dependencies = (
				84D7DA5A1EBC4B2C003A30E0 /* PBXTargetDependency */,
			);
			name = YFImageButtonTests;
			productName = YFImageButtonTests;
			productReference = 84D7DA581EBC4B2C003A30E0 /* YFImageButtonTests.xctest */;
			productType = "com.apple.product-type.bundle.unit-test";
		};
		84D7DA621EBC4B2C003A30E0 /* YFImageButtonUITests */ = {
			isa = PBXNativeTarget;
			buildConfigurationList = 84D7DA721EBC4B2C003A30E0 /* Build configuration list for PBXNativeTarget "YFImageButtonUITests" */;
			buildPhases = (
				84D7DA5F1EBC4B2C003A30E0 /* Sources */,
				84D7DA601EBC4B2C003A30E0 /* Frameworks */,
				84D7DA611EBC4B2C003A30E0 /* Resources */,
			);
			buildRules = (
			);
			dependencies = (
				84D7DA651EBC4B2C003A30E0 /* PBXTargetDependency */,
			);
			name = YFImageButtonUITests;
			productName = YFImageButtonUITests;
			productReference = 84D7DA631EBC4B2C003A30E0 /* YFImageButtonUITests.xctest */;
			productType = "com.apple.product-type.bundle.ui-testing";
		};
/* End PBXNativeTarget section */

/* Begin PBXProject section */
		84D7DA371EBC4B2B003A30E0 /* Project object */ = {
			isa = PBXProject;
			attributes = {
				LastUpgradeCheck = 0820;
				ORGANIZATIONNAME = "Yvan Wang";
				TargetAttributes = {
					84D7DA3E1EBC4B2C003A30E0 = {
						CreatedOnToolsVersion = 8.2;
						DevelopmentTeam = SRZVF38BJ4;
						ProvisioningStyle = Automatic;
					};
					84D7DA571EBC4B2C003A30E0 = {
						CreatedOnToolsVersion = 8.2;
						DevelopmentTeam = SRZVF38BJ4;
						ProvisioningStyle = Automatic;
						TestTargetID = 84D7DA3E1EBC4B2C003A30E0;
					};
					84D7DA621EBC4B2C003A30E0 = {
						CreatedOnToolsVersion = 8.2;
						DevelopmentTeam = SRZVF38BJ4;
						ProvisioningStyle = Automatic;
						TestTargetID = 84D7DA3E1EBC4B2C003A30E0;
					};
				};
			};
			buildConfigurationList = 84D7DA3A1EBC4B2B003A30E0 /* Build configuration list for PBXProject "YFImageButton" */;
			compatibilityVersion = "Xcode 3.2";
			developmentRegion = English;
			hasScannedForEncodings = 0;
			knownRegions = (
				en,
				Base,
			);
			mainGroup = 84D7DA361EBC4B2B003A30E0;
			productRefGroup = 84D7DA401EBC4B2C003A30E0 /* Products */;
			projectDirPath = "";
			projectRoot = "";
			targets = (
				84D7DA3E1EBC4B2C003A30E0 /* YFImageButton */,
				84D7DA571EBC4B2C003A30E0 /* YFImageButtonTests */,
				84D7DA621EBC4B2C003A30E0 /* YFImageButtonUITests */,
			);
		};
/* End PBXProject section */

/* Begin PBXResourcesBuildPhase section */
		84D7DA3D1EBC4B2C003A30E0 /* Resources */ = {
			isa = PBXResourcesBuildPhase;
			buildActionMask = 2147483647;
			files = (
				84D7DA7A1EC01ACD003A30E0 /* name.png in Resources */,
				84D7DA521EBC4B2C003A30E0 /* LaunchScreen.storyboard in Resources */,
				84D7DA4F1EBC4B2C003A30E0 /* Assets.xcassets in Resources */,
			);
			runOnlyForDeploymentPostprocessing = 0;
		};
		84D7DA561EBC4B2C003A30E0 /* Resources */ = {
			isa = PBXResourcesBuildPhase;
			buildActionMask = 2147483647;
			files = (
			);
			runOnlyForDeploymentPostprocessing = 0;
		};
		84D7DA611EBC4B2C003A30E0 /* Resources */ = {
			isa = PBXResourcesBuildPhase;
			buildActionMask = 2147483647;
			files = (
			);
			runOnlyForDeploymentPostprocessing = 0;
		};
/* End PBXResourcesBuildPhase section */

/* Begin PBXSourcesBuildPhase section */
		84D7DA3B1EBC4B2C003A30E0 /* Sources */ = {
			isa = PBXSourcesBuildPhase;
			buildActionMask = 2147483647;
			files = (
				84D7DA781EBC4BDE003A30E0 /* YFImageButton.m in Sources */,
				84D7DA4A1EBC4B2C003A30E0 /* ViewController.m in Sources */,
				84D7DA471EBC4B2C003A30E0 /* AppDelegate.m in Sources */,
				84D7DA441EBC4B2C003A30E0 /* main.m in Sources */,
			);
			runOnlyForDeploymentPostprocessing = 0;
		};
		84D7DA541EBC4B2C003A30E0 /* Sources */ = {
			isa = PBXSourcesBuildPhase;
			buildActionMask = 2147483647;
			files = (
				84D7DA5D1EBC4B2C003A30E0 /* YFImageButtonTests.m in Sources */,
			);
			runOnlyForDeploymentPostprocessing = 0;
		};
		84D7DA5F1EBC4B2C003A30E0 /* Sources */ = {
			isa = PBXSourcesBuildPhase;
			buildActionMask = 2147483647;
			files = (
				84D7DA681EBC4B2C003A30E0 /* YFImageButtonUITests.m in Sources */,
			);
			runOnlyForDeploymentPostprocessing = 0;
		};
/* End PBXSourcesBuildPhase section */

/* Begin PBXTargetDependency section */
		84D7DA5A1EBC4B2C003A30E0 /* PBXTargetDependency */ = {
			isa = PBXTargetDependency;
			target = 84D7DA3E1EBC4B2C003A30E0 /* YFImageButton */;
			targetProxy = 84D7DA591EBC4B2C003A30E0 /* PBXContainerItemProxy */;
		};
		84D7DA651EBC4B2C003A30E0 /* PBXTargetDependency */ = {
			isa = PBXTargetDependency;
			target = 84D7DA3E1EBC4B2C003A30E0 /* YFImageButton */;
			targetProxy = 84D7DA641EBC4B2C003A30E0 /* PBXContainerItemProxy */;
		};
/* End PBXTargetDependency section */

/* Begin PBXVariantGroup section */
		84D7DA501EBC4B2C003A30E0 /* LaunchScreen.storyboard */ = {
			isa = PBXVariantGroup;
			children = (
				84D7DA511EBC4B2C003A30E0 /* Base */,
			);
			name = LaunchScreen.storyboard;
			sourceTree = "<group>";
		};
/* End PBXVariantGroup section */

/* Begin XCBuildConfiguration section */
		84D7DA6A1EBC4B2C003A30E0 /* Debug */ = {
			isa = XCBuildConfiguration;
			buildSettings = {
				ALWAYS_SEARCH_USER_PATHS = NO;
				CLANG_ANALYZER_NONNULL = YES;
				CLANG_CXX_LANGUAGE_STANDARD = "gnu++0x";
				CLANG_CXX_LIBRARY = "libc++";
				CLANG_ENABLE_MODULES = YES;
				CLANG_ENABLE_OBJC_ARC = YES;
				CLANG_WARN_BOOL_CONVERSION = YES;
				CLANG_WARN_CONSTANT_CONVERSION = YES;
				CLANG_WARN_DIRECT_OBJC_ISA_USAGE = YES_ERROR;
				CLANG_WARN_DOCUMENTATION_COMMENTS = YES;
				CLANG_WARN_EMPTY_BODY = YES;
				CLANG_WARN_ENUM_CONVERSION = YES;
				CLANG_WARN_INFINITE_RECURSION = YES;
				CLANG_WARN_INT_CONVERSION = YES;
				CLANG_WARN_OBJC_ROOT_CLASS = YES_ERROR;
				CLANG_WARN_SUSPICIOUS_MOVE = YES;
				CLANG_WARN_UNREACHABLE_CODE = YES;
				CLANG_WARN__DUPLICATE_METHOD_MATCH = YES;
				"CODE_SIGN_IDENTITY[sdk=iphoneos*]" = "iPhone Developer";
				COPY_PHASE_STRIP = NO;
				DEBUG_INFORMATION_FORMAT = dwarf;
				ENABLE_STRICT_OBJC_MSGSEND = YES;
				ENABLE_TESTABILITY = YES;
				GCC_C_LANGUAGE_STANDARD = gnu99;
				GCC_DYNAMIC_NO_PIC = NO;
				GCC_NO_COMMON_BLOCKS = YES;
				GCC_OPTIMIZATION_LEVEL = 0;
				GCC_PREPROCESSOR_DEFINITIONS = (
					"DEBUG=1",
					"$(inherited)",
				);
				GCC_WARN_64_TO_32_BIT_CONVERSION = YES;
				GCC_WARN_ABOUT_RETURN_TYPE = YES_ERROR;
				GCC_WARN_UNDECLARED_SELECTOR = YES;
				GCC_WARN_UNINITIALIZED_AUTOS = YES_AGGRESSIVE;
				GCC_WARN_UNUSED_FUNCTION = YES;
				GCC_WARN_UNUSED_VARIABLE = YES;
				IPHONEOS_DEPLOYMENT_TARGET = 10.2;
				MTL_ENABLE_DEBUG_INFO = YES;
				ONLY_ACTIVE_ARCH = YES;
				SDKROOT = iphoneos;
			};
			name = Debug;
		};
		84D7DA6B1EBC4B2C003A30E0 /* Release */ = {
			isa = XCBuildConfiguration;
			buildSettings = {
				ALWAYS_SEARCH_USER_PATHS = NO;
				CLANG_ANALYZER_NONNULL = YES;
				CLANG_CXX_LANGUAGE_STANDARD = "gnu++0x";
				CLANG_CXX_LIBRARY = "libc++";
				CLANG_ENABLE_MODULES = YES;
				CLANG_ENABLE_OBJC_ARC = YES;
				CLANG_WARN_BOOL_CONVERSION = YES;
				CLANG_WARN_CONSTANT_CONVERSION = YES;
				CLANG_WARN_DIRECT_OBJC_ISA_USAGE = YES_ERROR;
				CLANG_WARN_DOCUMENTATION_COMMENTS = YES;
				CLANG_WARN_EMPTY_BODY = YES;
				CLANG_WARN_ENUM_CONVERSION = YES;
				CLANG_WARN_INFINITE_RECURSION = YES;
				CLANG_WARN_INT_CONVERSION = YES;
				CLANG_WARN_OBJC_ROOT_CLASS = YES_ERROR;
				CLANG_WARN_SUSPICIOUS_MOVE = YES;
				CLANG_WARN_UNREACHABLE_CODE = YES;
				CLANG_WARN__DUPLICATE_METHOD_MATCH = YES;
				"CODE_SIGN_IDENTITY[sdk=iphoneos*]" = "iPhone Developer";
				COPY_PHASE_STRIP = NO;
				DEBUG_INFORMATION_FORMAT = "dwarf-with-dsym";
				ENABLE_NS_ASSERTIONS = NO;
				ENABLE_STRICT_OBJC_MSGSEND = YES;
				GCC_C_LANGUAGE_STANDARD = gnu99;
				GCC_NO_COMMON_BLOCKS = YES;
				GCC_WARN_64_TO_32_BIT_CONVERSION = YES;
				GCC_WARN_ABOUT_RETURN_TYPE = YES_ERROR;
				GCC_WARN_UNDECLARED_SELECTOR = YES;
				GCC_WARN_UNINITIALIZED_AUTOS = YES_AGGRESSIVE;
				GCC_WARN_UNUSED_FUNCTION = YES;
				GCC_WARN_UNUSED_VARIABLE = YES;
				IPHONEOS_DEPLOYMENT_TARGET = 10.2;
				MTL_ENABLE_DEBUG_INFO = NO;
				SDKROOT = iphoneos;
				VALIDATE_PRODUCT = YES;
			};
			name = Release;
		};
		84D7DA6D1EBC4B2C003A30E0 /* Debug */ = {
			isa = XCBuildConfiguration;
			buildSettings = {
				ASSETCATALOG_COMPILER_APPICON_NAME = AppIcon;
				CLANG_ENABLE_OBJC_ARC = NO;
				DEVELOPMENT_TEAM = SRZVF38BJ4;
				INFOPLIST_FILE = YFImageButton/Info.plist;
				LD_RUNPATH_SEARCH_PATHS = "$(inherited) @executable_path/Frameworks";
				PRODUCT_BUNDLE_IDENTIFIER = WYF.YFImageButton;
				PRODUCT_NAME = "$(TARGET_NAME)";
			};
			name = Debug;
		};
		84D7DA6E1EBC4B2C003A30E0 /* Release */ = {
			isa = XCBuildConfiguration;
			buildSettings = {
				ASSETCATALOG_COMPILER_APPICON_NAME = AppIcon;
				CLANG_ENABLE_OBJC_ARC = NO;
				DEVELOPMENT_TEAM = SRZVF38BJ4;
				INFOPLIST_FILE = YFImageButton/Info.plist;
				LD_RUNPATH_SEARCH_PATHS = "$(inherited) @executable_path/Frameworks";
				PRODUCT_BUNDLE_IDENTIFIER = WYF.YFImageButton;
				PRODUCT_NAME = "$(TARGET_NAME)";
			};
			name = Release;
		};
		84D7DA701EBC4B2C003A30E0 /* Debug */ = {
			isa = XCBuildConfiguration;
			buildSettings = {
				BUNDLE_LOADER = "$(TEST_HOST)";
				DEVELOPMENT_TEAM = SRZVF38BJ4;
				INFOPLIST_FILE = YFImageButtonTests/Info.plist;
				LD_RUNPATH_SEARCH_PATHS = "$(inherited) @executable_path/Frameworks @loader_path/Frameworks";
				PRODUCT_BUNDLE_IDENTIFIER = WYF.YFImageButtonTests;
				PRODUCT_NAME = "$(TARGET_NAME)";
				TEST_HOST = "$(BUILT_PRODUCTS_DIR)/YFImageButton.app/YFImageButton";
			};
			name = Debug;
		};
		84D7DA711EBC4B2C003A30E0 /* Release */ = {
			isa = XCBuildConfiguration;
			buildSettings = {
				BUNDLE_LOADER = "$(TEST_HOST)";
				DEVELOPMENT_TEAM = SRZVF38BJ4;
				INFOPLIST_FILE = YFImageButtonTests/Info.plist;
				LD_RUNPATH_SEARCH_PATHS = "$(inherited) @executable_path/Frameworks @loader_path/Frameworks";
				PRODUCT_BUNDLE_IDENTIFIER = WYF.YFImageButtonTests;
				PRODUCT_NAME = "$(TARGET_NAME)";
				TEST_HOST = "$(BUILT_PRODUCTS_DIR)/YFImageButton.app/YFImageButton";
			};
			name = Release;
		};
		84D7DA731EBC4B2C003A30E0 /* Debug */ = {
			isa = XCBuildConfiguration;
			buildSettings = {
				DEVELOPMENT_TEAM = SRZVF38BJ4;
				INFOPLIST_FILE = YFImageButtonUITests/Info.plist;
				LD_RUNPATH_SEARCH_PATHS = "$(inherited) @executable_path/Frameworks @loader_path/Frameworks";
				PRODUCT_BUNDLE_IDENTIFIER = WYF.YFImageButtonUITests;
				PRODUCT_NAME = "$(TARGET_NAME)";
				TEST_TARGET_NAME = YFImageButton;
			};
			name = Debug;
		};
		84D7DA741EBC4B2C003A30E0 /* Release */ = {
			isa = XCBuildConfiguration;
			buildSettings = {
				DEVELOPMENT_TEAM = SRZVF38BJ4;
				INFOPLIST_FILE = YFImageButtonUITests/Info.plist;
				LD_RUNPATH_SEARCH_PATHS = "$(inherited) @executable_path/Frameworks @loader_path/Frameworks";
				PRODUCT_BUNDLE_IDENTIFIER = WYF.YFImageButtonUITests;
				PRODUCT_NAME = "$(TARGET_NAME)";
				TEST_TARGET_NAME = YFImageButton;
			};
			name = Release;
		};
/* End XCBuildConfiguration section */

/* Begin XCConfigurationList section */
		84D7DA3A1EBC4B2B003A30E0 /* Build configuration list for PBXProject "YFImageButton" */ = {
			isa = XCConfigurationList;
			buildConfigurations = (
				84D7DA6A1EBC4B2C003A30E0 /* Debug */,
				84D7DA6B1EBC4B2C003A30E0 /* Release */,
			);
			defaultConfigurationIsVisible = 0;
			defaultConfigurationName = Release;
		};
		84D7DA6C1EBC4B2C003A30E0 /* Build configuration list for PBXNativeTarget "YFImageButton" */ = {
			isa = XCConfigurationList;
			buildConfigurations = (
				84D7DA6D1EBC4B2C003A30E0 /* Debug */,
				84D7DA6E1EBC4B2C003A30E0 /* Release */,
			);
			defaultConfigurationIsVisible = 0;
		};
		84D7DA6F1EBC4B2C003A30E0 /* Build configuration list for PBXNativeTarget "YFImageButtonTests" */ = {
			isa = XCConfigurationList;
			buildConfigurations = (
				84D7DA701EBC4B2C003A30E0 /* Debug */,
				84D7DA711EBC4B2C003A30E0 /* Release */,
			);
			defaultConfigurationIsVisible = 0;
		};
		84D7DA721EBC4B2C003A30E0 /* Build configuration list for PBXNativeTarget "YFImageButtonUITests" */ = {
			isa = XCConfigurationList;
			buildConfigurations = (
				84D7DA731EBC4B2C003A30E0 /* Debug */,
				84D7DA741EBC4B2C003A30E0 /* Release */,
			);
			defaultConfigurationIsVisible = 0;
		};
/* End XCConfigurationList section */
	};
	rootObject = 84D7DA371EBC4B2B003A30E0 /* Project object */;
}
